{
  "nodes": {
    "flake-utils": {
      "locked": {
        "lastModified": 1659877975,
        "narHash": "sha256-zllb8aq3YO3h8B/U0/J1WBgAL8EX5yWf5pMj3G0NAmc=",
        "owner": "numtide",
        "repo": "flake-utils",
        "rev": "c0e246b9b83f637f4681389ecabcb2681b4f3af0",
        "type": "github"
      },
      "original": {
        "owner": "numtide",
        "repo": "flake-utils",
        "type": "github"
      }
    },
    "nixpkgs": {
      "locked": {
        "lastModified": 1659782839,
        "narHash": "sha256-83bYlYTIZEkpvgwn1jwavIzitSH4PJapEbo8YYpjhBA=",
        "ref": "release-22.05",
        "rev": "90f00d637959e2dc34a7ad2033a24a87e6bfab71",
        "revCount": 382025,
        "type": "git",
        "url": "file:///home/sergey/nix/nixpkgs"
      },
      "original": {
        "type": "git",
        "url": "file:///home/sergey/nix/nixpkgs"
      }
    },
    "root": {
      "inputs": {
        "flake-utils": "flake-utils",
        "nixpkgs": "nixpkgs"
      }
    }
  },
  "root": "root",
  "version": 7
}
